{
  "originHash" : "23afb7142b70ed3323098003c15c0f47e446e27aa3b4e8aaa51f3c17878725a3",
  "pins" : [
    {
      "identity" : "swift-argument-parser",
      "kind" : "remoteSourceControl",
      "location" : "https://github.com/apple/swift-argument-parser.git",
      "state" : {
        "revision" : "6a52f3251125d74daf04fcbd5e6f08a75d074382",
        "version" : "1.8.2"
      }
    },
    {
      "identity" : "swiftshout",
      "kind" : "remoteSourceControl",
      "location" : "https://github.com/trundlebits/SwiftShout.git",
      "state" : {
        "branch" : "main",
        "revision" : "2b8a4173588351cec10fb9a212669b220718facd"
      }
    },
    {
      "identity" : "tomlkit",
      "kind" : "remoteSourceControl",
      "location" : "https://github.com/LebJe/TOMLKit.git",
      "state" : {
        "revision" : "ec6198d37d495efc6acd4dffbd262cdca7ff9b3f",
        "version" : "0.6.0"
      }
    }
  ],
  "version" : 3
}
